PODS:
  - Alamofire (1.3.0)
  - DXYTCWeiboSDK (2.0)
  - SwiftyJSON (2.2.1)
  - WeiboSDK (3.1.1)

DEPENDENCIES:
  - Alamofire
  - DXYTCWeiboSDK
  - SwiftyJSON
  - WeiboSDK (from `https://github.com/sinaweibosdk/weibo_ios_sdk`)

EXTERNAL SOURCES:
  WeiboSDK:
    :git: https://github.com/sinaweibosdk/weibo_ios_sdk

CHECKOUT OPTIONS:
  WeiboSDK:
    :commit: e371a0f44e77cb0f23d08135b6a63ae575694935
    :git: https://github.com/sinaweibosdk/weibo_ios_sdk

SPEC CHECKSUMS:
  Alamofire: 220403a8d5840e0b4c946a6fbaf209dbca124282
  DXYTCWeiboSDK: 5f979e874783d60501002c938331adf87c5232d3
  SwiftyJSON: ae2d0a3d68025d136602a33c4ee215091ced3e33
  WeiboSDK: 6e346dd76f1fedd576029bf300a8f54b172189ff

COCOAPODS: 0.38.2
